
Microsoft Visual Studio Solution File, Format Version 12.00
# Visual Studio Version 17
VisualStudioVersion = 17.10.35013.160
MinimumVisualStudioVersion = 10.0.40219.1
Project("{FAE04EC0-301F-11D3-BF4B-00C04F79EFBC}") = "Midterms_Honrubia", "Midterms_Honrubia\Midterms_Honrubia.csproj", "{57CB3DF7-17C5-46D0-9517-F28A0D3612F8}"
EndProject
Global
	GlobalSection(SolutionConfigurationPlatforms) = preSolution
		Debug|Any CPU = Debug|Any CPU
		Release|Any CPU = Release|Any CPU
	EndGlobalSection
	GlobalSection(ProjectConfigurationPlatforms) = postSolution
		{57CB3DF7-17C5-46D0-9517-F28A0D3612F8}.Debug|Any CPU.ActiveCfg = Debug|Any CPU
		{57CB3DF7-17C5-46D0-9517-F28A0D3612F8}.Debug|Any CPU.Build.0 = Debug|Any CPU
		{57CB3DF7-17C5-46D0-9517-F28A0D3612F8}.Release|Any CPU.ActiveCfg = Release|Any CPU
		{57CB3DF7-17C5-46D0-9517-F28A0D3612F8}.Release|Any CPU.Build.0 = Release|Any CPU
	EndGlobalSection
	GlobalSection(SolutionProperties) = preSolution
		HideSolutionNode = FALSE
	EndGlobalSection
	GlobalSection(ExtensibilityGlobals) = postSolution
		SolutionGuid = {4FA92380-6AFF-47F3-93E2-C03C29866FE5}
	EndGlobalSection
EndGlobal
